
Microsoft Visual Studio Solution File, Format Version 12.00
# Visual Studio Version 16
VisualStudioVersion = 16.0.30503.244
MinimumVisualStudioVersion = 10.0.40219.1
Project("{FAE04EC0-301F-11D3-BF4B-00C04F79EFBC}") = "Testing", "Testing\Testing.csproj", "{4E3728F6-6D49-4486-9C80-F603E9D655EB}"
EndProject
Project("{FAE04EC0-301F-11D3-BF4B-00C04F79EFBC}") = "DiscordRichPresence", "DiscordRichPresence\DiscordRichPresence.csproj", "{56CEDE46-28D7-41CB-813E-67D3617BD94A}"
EndProject
Project("{FAE04EC0-301F-11D3-BF4B-00C04F79EFBC}") = "DiamondJogoDoGalo", "DiamondJogoDoGalo\DiamondJogoDoGalo.csproj", "{05FD14BF-132B-4999-B059-81540AA79709}"
EndProject
Project("{FAE04EC0-301F-11D3-BF4B-00C04F79EFBC}") = "XMRigRegex", "XmrigRegex\XMRigRegex.csproj", "{E42FC116-99A7-4A7C-9E97-063B75339B43}"
EndProject
Project("{FAE04EC0-301F-11D3-BF4B-00C04F79EFBC}") = "ThousandsSeparator", "ThousandsSeparator\ThousandsSeparator.csproj", "{2F99E3A5-E445-445E-8F7B-1A818D940385}"
EndProject
Project("{FAE04EC0-301F-11D3-BF4B-00C04F79EFBC}") = "DivisionTest", "DivisionTest\DivisionTest.csproj", "{0D852D50-E81D-4BF3-B6DA-617781EECEBA}"
EndProject
Project("{FAE04EC0-301F-11D3-BF4B-00C04F79EFBC}") = "GlobalExceptionCatchTest", "GlobalExceptionCatchTest\GlobalExceptionCatchTest.csproj", "{596F2004-E0AF-4D1F-8686-BD2C5FA5C393}"
EndProject
Project("{FAE04EC0-301F-11D3-BF4B-00C04F79EFBC}") = "AsyncTestConsole", "AsyncTestConsole\AsyncTestConsole.csproj", "{35E9B85C-0620-48D5-8760-2DD9B20B6074}"
EndProject
Project("{FAE04EC0-301F-11D3-BF4B-00C04F79EFBC}") = "DataTableTest", "DataTableTest\DataTableTest.csproj", "{4303570A-3CD1-4504-8A78-93FD892DE42C}"
EndProject
Project("{FAE04EC0-301F-11D3-BF4B-00C04F79EFBC}") = "DynamicDataTable", "DynamicDataTable\DynamicDataTable.csproj", "{2D080010-A735-4F76-A676-05C4EBE2143B}"
EndProject
Project("{FAE04EC0-301F-11D3-BF4B-00C04F79EFBC}") = "UnitTesting1", "UnitTesting1\UnitTesting1.csproj", "{2430968A-D2BF-402E-9E05-5838EAF3146F}"
EndProject
Project("{FAE04EC0-301F-11D3-BF4B-00C04F79EFBC}") = "UnitTesting2", "UnitTesting2\UnitTesting2.csproj", "{FE233E10-13B9-4FD2-8287-5D655FF20BA3}"
EndProject
Project("{FAE04EC0-301F-11D3-BF4B-00C04F79EFBC}") = "NetworkBroadcastHostTesting", "NetworkBroadcastHostTesting\NetworkBroadcastHostTesting.csproj", "{F5A56695-E6A4-4730-97B1-0D6B290D57EE}"
EndProject
Project("{FAE04EC0-301F-11D3-BF4B-00C04F79EFBC}") = "NetworkBroadcastClientTesting", "NetworkBroadcastClientTesting\NetworkBroadcastClientTesting.csproj", "{F3BD7E04-9D4D-4D68-B4F9-3D7751A2B7DA}"
EndProject
Project("{FAE04EC0-301F-11D3-BF4B-00C04F79EFBC}") = "JsonTesting", "JsonTesting\JsonTesting.csproj", "{D6B84488-2CF5-4CFC-8294-141455072A87}"
EndProject
Project("{FAE04EC0-301F-11D3-BF4B-00C04F79EFBC}") = "OpenWithTesting", "OpenWithTesting\OpenWithTesting.csproj", "{D145E457-8F0C-4A8F-AD4F-4C8CE744F341}"
EndProject
Project("{FAE04EC0-301F-11D3-BF4B-00C04F79EFBC}") = "DataTableTesting", "DataTableTesting\DataTableTesting.csproj", "{BF0E435D-59F2-4579-ADD1-58EF6C617104}"
EndProject
Project("{FAE04EC0-301F-11D3-BF4B-00C04F79EFBC}") = "DataTableRowInsertAtTesting", "DataTableRowInsertAtTesting\DataTableRowInsertAtTesting.csproj", "{138C7728-5170-40E9-BF58-B74A5BFBE7E3}"
EndProject
Project("{2150E333-8FDC-42A3-9474-1A3956D46DE8}") = "DataTables", "DataTables", "{E2D216CC-DCCC-41AD-A9C8-15253BAEDFA6}"
EndProject
Project("{2150E333-8FDC-42A3-9474-1A3956D46DE8}") = "Async", "Async", "{B0F821C9-00AA-4BE6-8193-A6F730F38218}"
EndProject
Project("{2150E333-8FDC-42A3-9474-1A3956D46DE8}") = "Network", "Network", "{2922EFCD-EB30-4875-A4B8-C1EA6529268C}"
EndProject
Project("{2150E333-8FDC-42A3-9474-1A3956D46DE8}") = "UnitTesting", "UnitTesting", "{6CEDC27B-E718-4665-BE5A-DF6E481F2F95}"
EndProject
Project("{FAE04EC0-301F-11D3-BF4B-00C04F79EFBC}") = "DataTableSerialize", "DataTableSerialize\DataTableSerialize.csproj", "{C34A34D2-8AD0-438C-B154-5D62A55428D9}"
EndProject
Project("{2150E333-8FDC-42A3-9474-1A3956D46DE8}") = "DiamondBot", "DiamondBot", "{3540374B-81FB-4B00-8BC6-92DCFE540823}"
EndProject
Project("{FAE04EC0-301F-11D3-BF4B-00C04F79EFBC}") = "DiamondDataTableSavingTesting", "DiamondDataTableSavingTesting\DiamondDataTableSavingTesting.csproj", "{D8BFBD2F-3A67-47DA-870E-E656BF57EE6F}"
EndProject
Project("{FAE04EC0-301F-11D3-BF4B-00C04F79EFBC}") = "CpuUsage", "CpuUsage\CpuUsage.csproj", "{E9A8FD66-20BD-434B-A877-57291F7963E8}"
EndProject
Project("{2150E333-8FDC-42A3-9474-1A3956D46DE8}") = "Sockets", "Sockets", "{3C319D0E-D86A-4F1D-8443-94D66B800C15}"
EndProject
Project("{FAE04EC0-301F-11D3-BF4B-00C04F79EFBC}") = "ServerTesting", "ServerTesting\ServerTesting.csproj", "{B81DED65-0E0A-422D-A33D-22451EE912B3}"
EndProject
Project("{FAE04EC0-301F-11D3-BF4B-00C04F79EFBC}") = "TcpClientAndListener", "TcpClientAndListener\TcpClientAndListener.csproj", "{884A5838-E135-472A-8201-EFB185C7E25F}"
EndProject
Project("{FAE04EC0-301F-11D3-BF4B-00C04F79EFBC}") = "FormResizeTesting", "FormResizeTesting\FormResizeTesting.csproj", "{67F9A31E-33EE-4F65-B344-0B2150393D52}"
EndProject
Project("{FAE04EC0-301F-11D3-BF4B-00C04F79EFBC}") = "ServiceProviderTesting", "ServiceProviderTesting\ServiceProviderTesting.csproj", "{8B2C2D12-CF27-4991-80E7-9CCD99779C6A}"
EndProject
Project("{FAE04EC0-301F-11D3-BF4B-00C04F79EFBC}") = "SteamOpenIDLogin", "SteamOpenIDLogin\SteamOpenIDLogin.csproj", "{684F82D5-BEF3-4A8E-A9B2-B9E46CDBB3AA}"
EndProject
Project("{FAE04EC0-301F-11D3-BF4B-00C04F79EFBC}") = "GetIconFromProcess", "GetIconFromProcess\GetIconFromProcess.csproj", "{FA98A5BB-95B5-46C3-87F9-40339C8C094D}"
EndProject
Project("{FAE04EC0-301F-11D3-BF4B-00C04F79EFBC}") = "DetectWindowMinimize", "DetectWindowMinimize\DetectWindowMinimize.csproj", "{278BFE11-2EE3-478E-B0B0-B87AC16767D7}"
EndProject
Project("{2150E333-8FDC-42A3-9474-1A3956D46DE8}") = "XMRig", "XMRig", "{57F9217E-1670-4CFB-9ABE-902A1CCD0B48}"
EndProject
Project("{FAE04EC0-301F-11D3-BF4B-00C04F79EFBC}") = "XMRigRPCTesting", "XMRigRPCTesting\XMRigRPCTesting.csproj", "{8EEF48E2-4EE7-464A-8023-14B2326158D3}"
EndProject
Project("{FAE04EC0-301F-11D3-BF4B-00C04F79EFBC}") = "ServiceProviderTesting2", "ServiceProviderTesting2\ServiceProviderTesting2.csproj", "{0E4BAB96-A97A-4029-BFF2-ADCEB844033A}"
EndProject
Project("{FAE04EC0-301F-11D3-BF4B-00C04F79EFBC}") = "ServiceProviderTesting3", "ServiceProviderTesting3\ServiceProviderTesting3.csproj", "{67473735-95B7-47C0-ABE4-F07F854A3067}"
EndProject
Project("{9A19103F-16F7-4668-BE54-9A1E7A4F7556}") = "StaticInstancesTest", "StaticInstancesTest\StaticInstancesTest.csproj", "{FBB44F52-1BBB-4FEA-9B10-178DD5C239DF}"
EndProject
Project("{FAE04EC0-301F-11D3-BF4B-00C04F79EFBC}") = "TimeZonesTesting", "TimeZonesTesting\TimeZonesTesting.csproj", "{B739F9BA-A325-458B-B682-23C9E0859EC8}"
EndProject
Global
	GlobalSection(SolutionConfigurationPlatforms) = preSolution
		Debug|Any CPU = Debug|Any CPU
		Debug|x64 = Debug|x64
		Debug|x86 = Debug|x86
		Release|Any CPU = Release|Any CPU
		Release|x64 = Release|x64
		Release|x86 = Release|x86
	EndGlobalSection
	GlobalSection(ProjectConfigurationPlatforms) = postSolution
		{4E3728F6-6D49-4486-9C80-F603E9D655EB}.Debug|Any CPU.ActiveCfg = Debug|Any CPU
		{4E3728F6-6D49-4486-9C80-F603E9D655EB}.Debug|Any CPU.Build.0 = Debug|Any CPU
		{4E3728F6-6D49-4486-9C80-F603E9D655EB}.Debug|x64.ActiveCfg = Debug|Any CPU
		{4E3728F6-6D49-4486-9C80-F603E9D655EB}.Debug|x86.ActiveCfg = Debug|Any CPU
		{4E3728F6-6D49-4486-9C80-F603E9D655EB}.Release|Any CPU.ActiveCfg = Release|Any CPU
		{4E3728F6-6D49-4486-9C80-F603E9D655EB}.Release|Any CPU.Build.0 = Release|Any CPU
		{4E3728F6-6D49-4486-9C80-F603E9D655EB}.Release|x64.ActiveCfg = Release|Any CPU
		{4E3728F6-6D49-4486-9C80-F603E9D655EB}.Release|x86.ActiveCfg = Release|Any CPU
		{56CEDE46-28D7-41CB-813E-67D3617BD94A}.Debug|Any CPU.ActiveCfg = Debug|Any CPU
		{56CEDE46-28D7-41CB-813E-67D3617BD94A}.Debug|Any CPU.Build.0 = Debug|Any CPU
		{56CEDE46-28D7-41CB-813E-67D3617BD94A}.Debug|x64.ActiveCfg = Debug|Any CPU
		{56CEDE46-28D7-41CB-813E-67D3617BD94A}.Debug|x86.ActiveCfg = Debug|Any CPU
		{56CEDE46-28D7-41CB-813E-67D3617BD94A}.Release|Any CPU.ActiveCfg = Release|Any CPU
		{56CEDE46-28D7-41CB-813E-67D3617BD94A}.Release|Any CPU.Build.0 = Release|Any CPU
		{56CEDE46-28D7-41CB-813E-67D3617BD94A}.Release|x64.ActiveCfg = Release|Any CPU
		{56CEDE46-28D7-41CB-813E-67D3617BD94A}.Release|x86.ActiveCfg = Release|Any CPU
		{05FD14BF-132B-4999-B059-81540AA79709}.Debug|Any CPU.ActiveCfg = Debug|Any CPU
		{05FD14BF-132B-4999-B059-81540AA79709}.Debug|Any CPU.Build.0 = Debug|Any CPU
		{05FD14BF-132B-4999-B059-81540AA79709}.Debug|x64.ActiveCfg = Debug|Any CPU
		{05FD14BF-132B-4999-B059-81540AA79709}.Debug|x86.ActiveCfg = Debug|Any CPU
		{05FD14BF-132B-4999-B059-81540AA79709}.Release|Any CPU.ActiveCfg = Release|Any CPU
		{05FD14BF-132B-4999-B059-81540AA79709}.Release|Any CPU.Build.0 = Release|Any CPU
		{05FD14BF-132B-4999-B059-81540AA79709}.Release|x64.ActiveCfg = Release|Any CPU
		{05FD14BF-132B-4999-B059-81540AA79709}.Release|x86.ActiveCfg = Release|Any CPU
		{E42FC116-99A7-4A7C-9E97-063B75339B43}.Debug|Any CPU.ActiveCfg = Debug|Any CPU
		{E42FC116-99A7-4A7C-9E97-063B75339B43}.Debug|Any CPU.Build.0 = Debug|Any CPU
		{E42FC116-99A7-4A7C-9E97-063B75339B43}.Debug|x64.ActiveCfg = Debug|Any CPU
		{E42FC116-99A7-4A7C-9E97-063B75339B43}.Debug|x86.ActiveCfg = Debug|Any CPU
		{E42FC116-99A7-4A7C-9E97-063B75339B43}.Release|Any CPU.ActiveCfg = Release|Any CPU
		{E42FC116-99A7-4A7C-9E97-063B75339B43}.Release|Any CPU.Build.0 = Release|Any CPU
		{E42FC116-99A7-4A7C-9E97-063B75339B43}.Release|x64.ActiveCfg = Release|Any CPU
		{E42FC116-99A7-4A7C-9E97-063B75339B43}.Release|x86.ActiveCfg = Release|Any CPU
		{2F99E3A5-E445-445E-8F7B-1A818D940385}.Debug|Any CPU.ActiveCfg = Debug|Any CPU
		{2F99E3A5-E445-445E-8F7B-1A818D940385}.Debug|Any CPU.Build.0 = Debug|Any CPU
		{2F99E3A5-E445-445E-8F7B-1A818D940385}.Debug|x64.ActiveCfg = Debug|Any CPU
		{2F99E3A5-E445-445E-8F7B-1A818D940385}.Debug|x86.ActiveCfg = Debug|Any CPU
		{2F99E3A5-E445-445E-8F7B-1A818D940385}.Release|Any CPU.ActiveCfg = Release|Any CPU
		{2F99E3A5-E445-445E-8F7B-1A818D940385}.Release|Any CPU.Build.0 = Release|Any CPU
		{2F99E3A5-E445-445E-8F7B-1A818D940385}.Release|x64.ActiveCfg = Release|Any CPU
		{2F99E3A5-E445-445E-8F7B-1A818D940385}.Release|x86.ActiveCfg = Release|Any CPU
		{0D852D50-E81D-4BF3-B6DA-617781EECEBA}.Debug|Any CPU.ActiveCfg = Debug|Any CPU
		{0D852D50-E81D-4BF3-B6DA-617781EECEBA}.Debug|Any CPU.Build.0 = Debug|Any CPU
		{0D852D50-E81D-4BF3-B6DA-617781EECEBA}.Debug|x64.ActiveCfg = Debug|Any CPU
		{0D852D50-E81D-4BF3-B6DA-617781EECEBA}.Debug|x86.ActiveCfg = Debug|Any CPU
		{0D852D50-E81D-4BF3-B6DA-617781EECEBA}.Release|Any CPU.ActiveCfg = Release|Any CPU
		{0D852D50-E81D-4BF3-B6DA-617781EECEBA}.Release|Any CPU.Build.0 = Release|Any CPU
		{0D852D50-E81D-4BF3-B6DA-617781EECEBA}.Release|x64.ActiveCfg = Release|Any CPU
		{0D852D50-E81D-4BF3-B6DA-617781EECEBA}.Release|x86.ActiveCfg = Release|Any CPU
		{596F2004-E0AF-4D1F-8686-BD2C5FA5C393}.Debug|Any CPU.ActiveCfg = Debug|Any CPU
		{596F2004-E0AF-4D1F-8686-BD2C5FA5C393}.Debug|Any CPU.Build.0 = Debug|Any CPU
		{596F2004-E0AF-4D1F-8686-BD2C5FA5C393}.Debug|x64.ActiveCfg = Debug|Any CPU
		{596F2004-E0AF-4D1F-8686-BD2C5FA5C393}.Debug|x86.ActiveCfg = Debug|Any CPU
		{596F2004-E0AF-4D1F-8686-BD2C5FA5C393}.Release|Any CPU.ActiveCfg = Release|Any CPU
		{596F2004-E0AF-4D1F-8686-BD2C5FA5C393}.Release|Any CPU.Build.0 = Release|Any CPU
		{596F2004-E0AF-4D1F-8686-BD2C5FA5C393}.Release|x64.ActiveCfg = Release|Any CPU
		{596F2004-E0AF-4D1F-8686-BD2C5FA5C393}.Release|x86.ActiveCfg = Release|Any CPU
		{35E9B85C-0620-48D5-8760-2DD9B20B6074}.Debug|Any CPU.ActiveCfg = Debug|Any CPU
		{35E9B85C-0620-48D5-8760-2DD9B20B6074}.Debug|Any CPU.Build.0 = Debug|Any CPU
		{35E9B85C-0620-48D5-8760-2DD9B20B6074}.Debug|x64.ActiveCfg = Debug|Any CPU
		{35E9B85C-0620-48D5-8760-2DD9B20B6074}.Debug|x86.ActiveCfg = Debug|Any CPU
		{35E9B85C-0620-48D5-8760-2DD9B20B6074}.Release|Any CPU.ActiveCfg = Release|Any CPU
		{35E9B85C-0620-48D5-8760-2DD9B20B6074}.Release|Any CPU.Build.0 = Release|Any CPU
		{35E9B85C-0620-48D5-8760-2DD9B20B6074}.Release|x64.ActiveCfg = Release|Any CPU
		{35E9B85C-0620-48D5-8760-2DD9B20B6074}.Release|x86.ActiveCfg = Release|Any CPU
		{4303570A-3CD1-4504-8A78-93FD892DE42C}.Debug|Any CPU.ActiveCfg = Debug|Any CPU
		{4303570A-3CD1-4504-8A78-93FD892DE42C}.Debug|Any CPU.Build.0 = Debug|Any CPU
		{4303570A-3CD1-4504-8A78-93FD892DE42C}.Debug|x64.ActiveCfg = Debug|Any CPU
		{4303570A-3CD1-4504-8A78-93FD892DE42C}.Debug|x86.ActiveCfg = Debug|Any CPU
		{4303570A-3CD1-4504-8A78-93FD892DE42C}.Release|Any CPU.ActiveCfg = Release|Any CPU
		{4303570A-3CD1-4504-8A78-93FD892DE42C}.Release|Any CPU.Build.0 = Release|Any CPU
		{4303570A-3CD1-4504-8A78-93FD892DE42C}.Release|x64.ActiveCfg = Release|Any CPU
		{4303570A-3CD1-4504-8A78-93FD892DE42C}.Release|x86.ActiveCfg = Release|Any CPU
		{2D080010-A735-4F76-A676-05C4EBE2143B}.Debug|Any CPU.ActiveCfg = Debug|Any CPU
		{2D080010-A735-4F76-A676-05C4EBE2143B}.Debug|Any CPU.Build.0 = Debug|Any CPU
		{2D080010-A735-4F76-A676-05C4EBE2143B}.Debug|x64.ActiveCfg = Debug|Any CPU
		{2D080010-A735-4F76-A676-05C4EBE2143B}.Debug|x86.ActiveCfg = Debug|Any CPU
		{2D080010-A735-4F76-A676-05C4EBE2143B}.Release|Any CPU.ActiveCfg = Release|Any CPU
		{2D080010-A735-4F76-A676-05C4EBE2143B}.Release|Any CPU.Build.0 = Release|Any CPU
		{2D080010-A735-4F76-A676-05C4EBE2143B}.Release|x64.ActiveCfg = Release|Any CPU
		{2D080010-A735-4F76-A676-05C4EBE2143B}.Release|x86.ActiveCfg = Release|Any CPU
		{2430968A-D2BF-402E-9E05-5838EAF3146F}.Debug|Any CPU.ActiveCfg = Debug|Any CPU
		{2430968A-D2BF-402E-9E05-5838EAF3146F}.Debug|Any CPU.Build.0 = Debug|Any CPU
		{2430968A-D2BF-402E-9E05-5838EAF3146F}.Debug|x64.ActiveCfg = Debug|Any CPU
		{2430968A-D2BF-402E-9E05-5838EAF3146F}.Debug|x86.ActiveCfg = Debug|Any CPU
		{2430968A-D2BF-402E-9E05-5838EAF3146F}.Release|Any CPU.ActiveCfg = Release|Any CPU
		{2430968A-D2BF-402E-9E05-5838EAF3146F}.Release|Any CPU.Build.0 = Release|Any CPU
		{2430968A-D2BF-402E-9E05-5838EAF3146F}.Release|x64.ActiveCfg = Release|Any CPU
		{2430968A-D2BF-402E-9E05-5838EAF3146F}.Release|x86.ActiveCfg = Release|Any CPU
		{FE233E10-13B9-4FD2-8287-5D655FF20BA3}.Debug|Any CPU.ActiveCfg = Debug|Any CPU
		{FE233E10-13B9-4FD2-8287-5D655FF20BA3}.Debug|Any CPU.Build.0 = Debug|Any CPU
		{FE233E10-13B9-4FD2-8287-5D655FF20BA3}.Debug|x64.ActiveCfg = Debug|Any CPU
		{FE233E10-13B9-4FD2-8287-5D655FF20BA3}.Debug|x86.ActiveCfg = Debug|Any CPU
		{FE233E10-13B9-4FD2-8287-5D655FF20BA3}.Release|Any CPU.ActiveCfg = Release|Any CPU
		{FE233E10-13B9-4FD2-8287-5D655FF20BA3}.Release|Any CPU.Build.0 = Release|Any CPU
		{FE233E10-13B9-4FD2-8287-5D655FF20BA3}.Release|x64.ActiveCfg = Release|Any CPU
		{FE233E10-13B9-4FD2-8287-5D655FF20BA3}.Release|x86.ActiveCfg = Release|Any CPU
		{F5A56695-E6A4-4730-97B1-0D6B290D57EE}.Debug|Any CPU.ActiveCfg = Debug|Any CPU
		{F5A56695-E6A4-4730-97B1-0D6B290D57EE}.Debug|Any CPU.Build.0 = Debug|Any CPU
		{F5A56695-E6A4-4730-97B1-0D6B290D57EE}.Debug|x64.ActiveCfg = Debug|Any CPU
		{F5A56695-E6A4-4730-97B1-0D6B290D57EE}.Debug|x86.ActiveCfg = Debug|Any CPU
		{F5A56695-E6A4-4730-97B1-0D6B290D57EE}.Release|Any CPU.ActiveCfg = Release|Any CPU
		{F5A56695-E6A4-4730-97B1-0D6B290D57EE}.Release|Any CPU.Build.0 = Release|Any CPU
		{F5A56695-E6A4-4730-97B1-0D6B290D57EE}.Release|x64.ActiveCfg = Release|Any CPU
		{F5A56695-E6A4-4730-97B1-0D6B290D57EE}.Release|x86.ActiveCfg = Release|Any CPU
		{F3BD7E04-9D4D-4D68-B4F9-3D7751A2B7DA}.Debug|Any CPU.ActiveCfg = Debug|Any CPU
		{F3BD7E04-9D4D-4D68-B4F9-3D7751A2B7DA}.Debug|Any CPU.Build.0 = Debug|Any CPU
		{F3BD7E04-9D4D-4D68-B4F9-3D7751A2B7DA}.Debug|x64.ActiveCfg = Debug|Any CPU
		{F3BD7E04-9D4D-4D68-B4F9-3D7751A2B7DA}.Debug|x86.ActiveCfg = Debug|Any CPU
		{F3BD7E04-9D4D-4D68-B4F9-3D7751A2B7DA}.Release|Any CPU.ActiveCfg = Release|Any CPU
		{F3BD7E04-9D4D-4D68-B4F9-3D7751A2B7DA}.Release|Any CPU.Build.0 = Release|Any CPU
		{F3BD7E04-9D4D-4D68-B4F9-3D7751A2B7DA}.Release|x64.ActiveCfg = Release|Any CPU
		{F3BD7E04-9D4D-4D68-B4F9-3D7751A2B7DA}.Release|x86.ActiveCfg = Release|Any CPU
		{D6B84488-2CF5-4CFC-8294-141455072A87}.Debug|Any CPU.ActiveCfg = Debug|Any CPU
		{D6B84488-2CF5-4CFC-8294-141455072A87}.Debug|Any CPU.Build.0 = Debug|Any CPU
		{D6B84488-2CF5-4CFC-8294-141455072A87}.Debug|x64.ActiveCfg = Debug|Any CPU
		{D6B84488-2CF5-4CFC-8294-141455072A87}.Debug|x86.ActiveCfg = Debug|Any CPU
		{D6B84488-2CF5-4CFC-8294-141455072A87}.Release|Any CPU.ActiveCfg = Release|Any CPU
		{D6B84488-2CF5-4CFC-8294-141455072A87}.Release|Any CPU.Build.0 = Release|Any CPU
		{D6B84488-2CF5-4CFC-8294-141455072A87}.Release|x64.ActiveCfg = Release|Any CPU
		{D6B84488-2CF5-4CFC-8294-141455072A87}.Release|x86.ActiveCfg = Release|Any CPU
		{D145E457-8F0C-4A8F-AD4F-4C8CE744F341}.Debug|Any CPU.ActiveCfg = Debug|Any CPU
		{D145E457-8F0C-4A8F-AD4F-4C8CE744F341}.Debug|Any CPU.Build.0 = Debug|Any CPU
		{D145E457-8F0C-4A8F-AD4F-4C8CE744F341}.Debug|x64.ActiveCfg = Debug|Any CPU
		{D145E457-8F0C-4A8F-AD4F-4C8CE744F341}.Debug|x86.ActiveCfg = Debug|Any CPU
		{D145E457-8F0C-4A8F-AD4F-4C8CE744F341}.Release|Any CPU.ActiveCfg = Release|Any CPU
		{D145E457-8F0C-4A8F-AD4F-4C8CE744F341}.Release|Any CPU.Build.0 = Release|Any CPU
		{D145E457-8F0C-4A8F-AD4F-4C8CE744F341}.Release|x64.ActiveCfg = Release|Any CPU
		{D145E457-8F0C-4A8F-AD4F-4C8CE744F341}.Release|x86.ActiveCfg = Release|Any CPU
		{BF0E435D-59F2-4579-ADD1-58EF6C617104}.Debug|Any CPU.ActiveCfg = Debug|Any CPU
		{BF0E435D-59F2-4579-ADD1-58EF6C617104}.Debug|Any CPU.Build.0 = Debug|Any CPU
		{BF0E435D-59F2-4579-ADD1-58EF6C617104}.Debug|x64.ActiveCfg = Debug|Any CPU
		{BF0E435D-59F2-4579-ADD1-58EF6C617104}.Debug|x86.ActiveCfg = Debug|Any CPU
		{BF0E435D-59F2-4579-ADD1-58EF6C617104}.Release|Any CPU.ActiveCfg = Release|Any CPU
		{BF0E435D-59F2-4579-ADD1-58EF6C617104}.Release|Any CPU.Build.0 = Release|Any CPU
		{BF0E435D-59F2-4579-ADD1-58EF6C617104}.Release|x64.ActiveCfg = Release|Any CPU
		{BF0E435D-59F2-4579-ADD1-58EF6C617104}.Release|x86.ActiveCfg = Release|Any CPU
		{138C7728-5170-40E9-BF58-B74A5BFBE7E3}.Debug|Any CPU.ActiveCfg = Debug|Any CPU
		{138C7728-5170-40E9-BF58-B74A5BFBE7E3}.Debug|Any CPU.Build.0 = Debug|Any CPU
		{138C7728-5170-40E9-BF58-B74A5BFBE7E3}.Debug|x64.ActiveCfg = Debug|Any CPU
		{138C7728-5170-40E9-BF58-B74A5BFBE7E3}.Debug|x64.Build.0 = Debug|Any CPU
		{138C7728-5170-40E9-BF58-B74A5BFBE7E3}.Debug|x86.ActiveCfg = Debug|Any CPU
		{138C7728-5170-40E9-BF58-B74A5BFBE7E3}.Debug|x86.Build.0 = Debug|Any CPU
		{138C7728-5170-40E9-BF58-B74A5BFBE7E3}.Release|Any CPU.ActiveCfg = Release|Any CPU
		{138C7728-5170-40E9-BF58-B74A5BFBE7E3}.Release|Any CPU.Build.0 = Release|Any CPU
		{138C7728-5170-40E9-BF58-B74A5BFBE7E3}.Release|x64.ActiveCfg = Release|Any CPU
		{138C7728-5170-40E9-BF58-B74A5BFBE7E3}.Release|x64.Build.0 = Release|Any CPU
		{138C7728-5170-40E9-BF58-B74A5BFBE7E3}.Release|x86.ActiveCfg = Release|Any CPU
		{138C7728-5170-40E9-BF58-B74A5BFBE7E3}.Release|x86.Build.0 = Release|Any CPU
		{C34A34D2-8AD0-438C-B154-5D62A55428D9}.Debug|Any CPU.ActiveCfg = Debug|Any CPU
		{C34A34D2-8AD0-438C-B154-5D62A55428D9}.Debug|Any CPU.Build.0 = Debug|Any CPU
		{C34A34D2-8AD0-438C-B154-5D62A55428D9}.Debug|x64.ActiveCfg = Debug|Any CPU
		{C34A34D2-8AD0-438C-B154-5D62A55428D9}.Debug|x64.Build.0 = Debug|Any CPU
		{C34A34D2-8AD0-438C-B154-5D62A55428D9}.Debug|x86.ActiveCfg = Debug|Any CPU
		{C34A34D2-8AD0-438C-B154-5D62A55428D9}.Debug|x86.Build.0 = Debug|Any CPU
		{C34A34D2-8AD0-438C-B154-5D62A55428D9}.Release|Any CPU.ActiveCfg = Release|Any CPU
		{C34A34D2-8AD0-438C-B154-5D62A55428D9}.Release|Any CPU.Build.0 = Release|Any CPU
		{C34A34D2-8AD0-438C-B154-5D62A55428D9}.Release|x64.ActiveCfg = Release|Any CPU
		{C34A34D2-8AD0-438C-B154-5D62A55428D9}.Release|x64.Build.0 = Release|Any CPU
		{C34A34D2-8AD0-438C-B154-5D62A55428D9}.Release|x86.ActiveCfg = Release|Any CPU
		{C34A34D2-8AD0-438C-B154-5D62A55428D9}.Release|x86.Build.0 = Release|Any CPU
		{D8BFBD2F-3A67-47DA-870E-E656BF57EE6F}.Debug|Any CPU.ActiveCfg = Debug|Any CPU
		{D8BFBD2F-3A67-47DA-870E-E656BF57EE6F}.Debug|Any CPU.Build.0 = Debug|Any CPU
		{D8BFBD2F-3A67-47DA-870E-E656BF57EE6F}.Debug|x64.ActiveCfg = Debug|Any CPU
		{D8BFBD2F-3A67-47DA-870E-E656BF57EE6F}.Debug|x64.Build.0 = Debug|Any CPU
		{D8BFBD2F-3A67-47DA-870E-E656BF57EE6F}.Debug|x86.ActiveCfg = Debug|Any CPU
		{D8BFBD2F-3A67-47DA-870E-E656BF57EE6F}.Debug|x86.Build.0 = Debug|Any CPU
		{D8BFBD2F-3A67-47DA-870E-E656BF57EE6F}.Release|Any CPU.ActiveCfg = Release|Any CPU
		{D8BFBD2F-3A67-47DA-870E-E656BF57EE6F}.Release|Any CPU.Build.0 = Release|Any CPU
		{D8BFBD2F-3A67-47DA-870E-E656BF57EE6F}.Release|x64.ActiveCfg = Release|Any CPU
		{D8BFBD2F-3A67-47DA-870E-E656BF57EE6F}.Release|x64.Build.0 = Release|Any CPU
		{D8BFBD2F-3A67-47DA-870E-E656BF57EE6F}.Release|x86.ActiveCfg = Release|Any CPU
		{D8BFBD2F-3A67-47DA-870E-E656BF57EE6F}.Release|x86.Build.0 = Release|Any CPU
		{E9A8FD66-20BD-434B-A877-57291F7963E8}.Debug|Any CPU.ActiveCfg = Debug|Any CPU
		{E9A8FD66-20BD-434B-A877-57291F7963E8}.Debug|Any CPU.Build.0 = Debug|Any CPU
		{E9A8FD66-20BD-434B-A877-57291F7963E8}.Debug|x64.ActiveCfg = Debug|Any CPU
		{E9A8FD66-20BD-434B-A877-57291F7963E8}.Debug|x64.Build.0 = Debug|Any CPU
		{E9A8FD66-20BD-434B-A877-57291F7963E8}.Debug|x86.ActiveCfg = Debug|Any CPU
		{E9A8FD66-20BD-434B-A877-57291F7963E8}.Debug|x86.Build.0 = Debug|Any CPU
		{E9A8FD66-20BD-434B-A877-57291F7963E8}.Release|Any CPU.ActiveCfg = Release|Any CPU
		{E9A8FD66-20BD-434B-A877-57291F7963E8}.Release|Any CPU.Build.0 = Release|Any CPU
		{E9A8FD66-20BD-434B-A877-57291F7963E8}.Release|x64.ActiveCfg = Release|Any CPU
		{E9A8FD66-20BD-434B-A877-57291F7963E8}.Release|x64.Build.0 = Release|Any CPU
		{E9A8FD66-20BD-434B-A877-57291F7963E8}.Release|x86.ActiveCfg = Release|Any CPU
		{E9A8FD66-20BD-434B-A877-57291F7963E8}.Release|x86.Build.0 = Release|Any CPU
		{B81DED65-0E0A-422D-A33D-22451EE912B3}.Debug|Any CPU.ActiveCfg = Debug|Any CPU
		{B81DED65-0E0A-422D-A33D-22451EE912B3}.Debug|Any CPU.Build.0 = Debug|Any CPU
		{B81DED65-0E0A-422D-A33D-22451EE912B3}.Debug|x64.ActiveCfg = Debug|Any CPU
		{B81DED65-0E0A-422D-A33D-22451EE912B3}.Debug|x64.Build.0 = Debug|Any CPU
		{B81DED65-0E0A-422D-A33D-22451EE912B3}.Debug|x86.ActiveCfg = Debug|Any CPU
		{B81DED65-0E0A-422D-A33D-22451EE912B3}.Debug|x86.Build.0 = Debug|Any CPU
		{B81DED65-0E0A-422D-A33D-22451EE912B3}.Release|Any CPU.ActiveCfg = Release|Any CPU
		{B81DED65-0E0A-422D-A33D-22451EE912B3}.Release|Any CPU.Build.0 = Release|Any CPU
		{B81DED65-0E0A-422D-A33D-22451EE912B3}.Release|x64.ActiveCfg = Release|Any CPU
		{B81DED65-0E0A-422D-A33D-22451EE912B3}.Release|x64.Build.0 = Release|Any CPU
		{B81DED65-0E0A-422D-A33D-22451EE912B3}.Release|x86.ActiveCfg = Release|Any CPU
		{B81DED65-0E0A-422D-A33D-22451EE912B3}.Release|x86.Build.0 = Release|Any CPU
		{884A5838-E135-472A-8201-EFB185C7E25F}.Debug|Any CPU.ActiveCfg = Debug|Any CPU
		{884A5838-E135-472A-8201-EFB185C7E25F}.Debug|Any CPU.Build.0 = Debug|Any CPU
		{884A5838-E135-472A-8201-EFB185C7E25F}.Debug|x64.ActiveCfg = Debug|Any CPU
		{884A5838-E135-472A-8201-EFB185C7E25F}.Debug|x64.Build.0 = Debug|Any CPU
		{884A5838-E135-472A-8201-EFB185C7E25F}.Debug|x86.ActiveCfg = Debug|Any CPU
		{884A5838-E135-472A-8201-EFB185C7E25F}.Debug|x86.Build.0 = Debug|Any CPU
		{884A5838-E135-472A-8201-EFB185C7E25F}.Release|Any CPU.ActiveCfg = Release|Any CPU
		{884A5838-E135-472A-8201-EFB185C7E25F}.Release|Any CPU.Build.0 = Release|Any CPU
		{884A5838-E135-472A-8201-EFB185C7E25F}.Release|x64.ActiveCfg = Release|Any CPU
		{884A5838-E135-472A-8201-EFB185C7E25F}.Release|x64.Build.0 = Release|Any CPU
		{884A5838-E135-472A-8201-EFB185C7E25F}.Release|x86.ActiveCfg = Release|Any CPU
		{884A5838-E135-472A-8201-EFB185C7E25F}.Release|x86.Build.0 = Release|Any CPU
		{67F9A31E-33EE-4F65-B344-0B2150393D52}.Debug|Any CPU.ActiveCfg = Debug|Any CPU
		{67F9A31E-33EE-4F65-B344-0B2150393D52}.Debug|Any CPU.Build.0 = Debug|Any CPU
		{67F9A31E-33EE-4F65-B344-0B2150393D52}.Debug|x64.ActiveCfg = Debug|Any CPU
		{67F9A31E-33EE-4F65-B344-0B2150393D52}.Debug|x64.Build.0 = Debug|Any CPU
		{67F9A31E-33EE-4F65-B344-0B2150393D52}.Debug|x86.ActiveCfg = Debug|Any CPU
		{67F9A31E-33EE-4F65-B344-0B2150393D52}.Debug|x86.Build.0 = Debug|Any CPU
		{67F9A31E-33EE-4F65-B344-0B2150393D52}.Release|Any CPU.ActiveCfg = Release|Any CPU
		{67F9A31E-33EE-4F65-B344-0B2150393D52}.Release|Any CPU.Build.0 = Release|Any CPU
		{67F9A31E-33EE-4F65-B344-0B2150393D52}.Release|x64.ActiveCfg = Release|Any CPU
		{67F9A31E-33EE-4F65-B344-0B2150393D52}.Release|x64.Build.0 = Release|Any CPU
		{67F9A31E-33EE-4F65-B344-0B2150393D52}.Release|x86.ActiveCfg = Release|Any CPU
		{67F9A31E-33EE-4F65-B344-0B2150393D52}.Release|x86.Build.0 = Release|Any CPU
		{8B2C2D12-CF27-4991-80E7-9CCD99779C6A}.Debug|Any CPU.ActiveCfg = Debug|Any CPU
		{8B2C2D12-CF27-4991-80E7-9CCD99779C6A}.Debug|Any CPU.Build.0 = Debug|Any CPU
		{8B2C2D12-CF27-4991-80E7-9CCD99779C6A}.Debug|x64.ActiveCfg = Debug|Any CPU
		{8B2C2D12-CF27-4991-80E7-9CCD99779C6A}.Debug|x64.Build.0 = Debug|Any CPU
		{8B2C2D12-CF27-4991-80E7-9CCD99779C6A}.Debug|x86.ActiveCfg = Debug|Any CPU
		{8B2C2D12-CF27-4991-80E7-9CCD99779C6A}.Debug|x86.Build.0 = Debug|Any CPU
		{8B2C2D12-CF27-4991-80E7-9CCD99779C6A}.Release|Any CPU.ActiveCfg = Release|Any CPU
		{8B2C2D12-CF27-4991-80E7-9CCD99779C6A}.Release|Any CPU.Build.0 = Release|Any CPU
		{8B2C2D12-CF27-4991-80E7-9CCD99779C6A}.Release|x64.ActiveCfg = Release|Any CPU
		{8B2C2D12-CF27-4991-80E7-9CCD99779C6A}.Release|x64.Build.0 = Release|Any CPU
		{8B2C2D12-CF27-4991-80E7-9CCD99779C6A}.Release|x86.ActiveCfg = Release|Any CPU
		{8B2C2D12-CF27-4991-80E7-9CCD99779C6A}.Release|x86.Build.0 = Release|Any CPU
		{684F82D5-BEF3-4A8E-A9B2-B9E46CDBB3AA}.Debug|Any CPU.ActiveCfg = Debug|Any CPU
		{684F82D5-BEF3-4A8E-A9B2-B9E46CDBB3AA}.Debug|Any CPU.Build.0 = Debug|Any CPU
		{684F82D5-BEF3-4A8E-A9B2-B9E46CDBB3AA}.Debug|x64.ActiveCfg = Debug|Any CPU
		{684F82D5-BEF3-4A8E-A9B2-B9E46CDBB3AA}.Debug|x64.Build.0 = Debug|Any CPU
		{684F82D5-BEF3-4A8E-A9B2-B9E46CDBB3AA}.Debug|x86.ActiveCfg = Debug|Any CPU
		{684F82D5-BEF3-4A8E-A9B2-B9E46CDBB3AA}.Debug|x86.Build.0 = Debug|Any CPU
		{684F82D5-BEF3-4A8E-A9B2-B9E46CDBB3AA}.Release|Any CPU.ActiveCfg = Release|Any CPU
		{684F82D5-BEF3-4A8E-A9B2-B9E46CDBB3AA}.Release|Any CPU.Build.0 = Release|Any CPU
		{684F82D5-BEF3-4A8E-A9B2-B9E46CDBB3AA}.Release|x64.ActiveCfg = Release|Any CPU
		{684F82D5-BEF3-4A8E-A9B2-B9E46CDBB3AA}.Release|x64.Build.0 = Release|Any CPU
		{684F82D5-BEF3-4A8E-A9B2-B9E46CDBB3AA}.Release|x86.ActiveCfg = Release|Any CPU
		{684F82D5-BEF3-4A8E-A9B2-B9E46CDBB3AA}.Release|x86.Build.0 = Release|Any CPU
		{FA98A5BB-95B5-46C3-87F9-40339C8C094D}.Debug|Any CPU.ActiveCfg = Debug|Any CPU
		{FA98A5BB-95B5-46C3-87F9-40339C8C094D}.Debug|Any CPU.Build.0 = Debug|Any CPU
		{FA98A5BB-95B5-46C3-87F9-40339C8C094D}.Debug|x64.ActiveCfg = Debug|x64
		{FA98A5BB-95B5-46C3-87F9-40339C8C094D}.Debug|x64.Build.0 = Debug|x64
		{FA98A5BB-95B5-46C3-87F9-40339C8C094D}.Debug|x86.ActiveCfg = Debug|x86
		{FA98A5BB-95B5-46C3-87F9-40339C8C094D}.Debug|x86.Build.0 = Debug|x86
		{FA98A5BB-95B5-46C3-87F9-40339C8C094D}.Release|Any CPU.ActiveCfg = Release|Any CPU
		{FA98A5BB-95B5-46C3-87F9-40339C8C094D}.Release|Any CPU.Build.0 = Release|Any CPU
		{FA98A5BB-95B5-46C3-87F9-40339C8C094D}.Release|x64.ActiveCfg = Release|x64
		{FA98A5BB-95B5-46C3-87F9-40339C8C094D}.Release|x64.Build.0 = Release|x64
		{FA98A5BB-95B5-46C3-87F9-40339C8C094D}.Release|x86.ActiveCfg = Release|x86
		{FA98A5BB-95B5-46C3-87F9-40339C8C094D}.Release|x86.Build.0 = Release|x86
		{278BFE11-2EE3-478E-B0B0-B87AC16767D7}.Debug|Any CPU.ActiveCfg = Debug|Any CPU
		{278BFE11-2EE3-478E-B0B0-B87AC16767D7}.Debug|Any CPU.Build.0 = Debug|Any CPU
		{278BFE11-2EE3-478E-B0B0-B87AC16767D7}.Debug|x64.ActiveCfg = Debug|Any CPU
		{278BFE11-2EE3-478E-B0B0-B87AC16767D7}.Debug|x64.Build.0 = Debug|Any CPU
		{278BFE11-2EE3-478E-B0B0-B87AC16767D7}.Debug|x86.ActiveCfg = Debug|Any CPU
		{278BFE11-2EE3-478E-B0B0-B87AC16767D7}.Debug|x86.Build.0 = Debug|Any CPU
		{278BFE11-2EE3-478E-B0B0-B87AC16767D7}.Release|Any CPU.ActiveCfg = Release|Any CPU
		{278BFE11-2EE3-478E-B0B0-B87AC16767D7}.Release|Any CPU.Build.0 = Release|Any CPU
		{278BFE11-2EE3-478E-B0B0-B87AC16767D7}.Release|x64.ActiveCfg = Release|Any CPU
		{278BFE11-2EE3-478E-B0B0-B87AC16767D7}.Release|x64.Build.0 = Release|Any CPU
		{278BFE11-2EE3-478E-B0B0-B87AC16767D7}.Release|x86.ActiveCfg = Release|Any CPU
		{278BFE11-2EE3-478E-B0B0-B87AC16767D7}.Release|x86.Build.0 = Release|Any CPU
		{8EEF48E2-4EE7-464A-8023-14B2326158D3}.Debug|Any CPU.ActiveCfg = Debug|Any CPU
		{8EEF48E2-4EE7-464A-8023-14B2326158D3}.Debug|Any CPU.Build.0 = Debug|Any CPU
		{8EEF48E2-4EE7-464A-8023-14B2326158D3}.Debug|x64.ActiveCfg = Debug|Any CPU
		{8EEF48E2-4EE7-464A-8023-14B2326158D3}.Debug|x64.Build.0 = Debug|Any CPU
		{8EEF48E2-4EE7-464A-8023-14B2326158D3}.Debug|x86.ActiveCfg = Debug|Any CPU
		{8EEF48E2-4EE7-464A-8023-14B2326158D3}.Debug|x86.Build.0 = Debug|Any CPU
		{8EEF48E2-4EE7-464A-8023-14B2326158D3}.Release|Any CPU.ActiveCfg = Release|Any CPU
		{8EEF48E2-4EE7-464A-8023-14B2326158D3}.Release|Any CPU.Build.0 = Release|Any CPU
		{8EEF48E2-4EE7-464A-8023-14B2326158D3}.Release|x64.ActiveCfg = Release|Any CPU
		{8EEF48E2-4EE7-464A-8023-14B2326158D3}.Release|x64.Build.0 = Release|Any CPU
		{8EEF48E2-4EE7-464A-8023-14B2326158D3}.Release|x86.ActiveCfg = Release|Any CPU
		{8EEF48E2-4EE7-464A-8023-14B2326158D3}.Release|x86.Build.0 = Release|Any CPU
		{0E4BAB96-A97A-4029-BFF2-ADCEB844033A}.Debug|Any CPU.ActiveCfg = Debug|Any CPU
		{0E4BAB96-A97A-4029-BFF2-ADCEB844033A}.Debug|Any CPU.Build.0 = Debug|Any CPU
		{0E4BAB96-A97A-4029-BFF2-ADCEB844033A}.Debug|x64.ActiveCfg = Debug|Any CPU
		{0E4BAB96-A97A-4029-BFF2-ADCEB844033A}.Debug|x64.Build.0 = Debug|Any CPU
		{0E4BAB96-A97A-4029-BFF2-ADCEB844033A}.Debug|x86.ActiveCfg = Debug|Any CPU
		{0E4BAB96-A97A-4029-BFF2-ADCEB844033A}.Debug|x86.Build.0 = Debug|Any CPU
		{0E4BAB96-A97A-4029-BFF2-ADCEB844033A}.Release|Any CPU.ActiveCfg = Release|Any CPU
		{0E4BAB96-A97A-4029-BFF2-ADCEB844033A}.Release|Any CPU.Build.0 = Release|Any CPU
		{0E4BAB96-A97A-4029-BFF2-ADCEB844033A}.Release|x64.ActiveCfg = Release|Any CPU
		{0E4BAB96-A97A-4029-BFF2-ADCEB844033A}.Release|x64.Build.0 = Release|Any CPU
		{0E4BAB96-A97A-4029-BFF2-ADCEB844033A}.Release|x86.ActiveCfg = Release|Any CPU
		{0E4BAB96-A97A-4029-BFF2-ADCEB844033A}.Release|x86.Build.0 = Release|Any CPU
		{67473735-95B7-47C0-ABE4-F07F854A3067}.Debug|Any CPU.ActiveCfg = Debug|Any CPU
		{67473735-95B7-47C0-ABE4-F07F854A3067}.Debug|Any CPU.Build.0 = Debug|Any CPU
		{67473735-95B7-47C0-ABE4-F07F854A3067}.Debug|x64.ActiveCfg = Debug|Any CPU
		{67473735-95B7-47C0-ABE4-F07F854A3067}.Debug|x64.Build.0 = Debug|Any CPU
		{67473735-95B7-47C0-ABE4-F07F854A3067}.Debug|x86.ActiveCfg = Debug|Any CPU
		{67473735-95B7-47C0-ABE4-F07F854A3067}.Debug|x86.Build.0 = Debug|Any CPU
		{67473735-95B7-47C0-ABE4-F07F854A3067}.Release|Any CPU.ActiveCfg = Release|Any CPU
		{67473735-95B7-47C0-ABE4-F07F854A3067}.Release|Any CPU.Build.0 = Release|Any CPU
		{67473735-95B7-47C0-ABE4-F07F854A3067}.Release|x64.ActiveCfg = Release|Any CPU
		{67473735-95B7-47C0-ABE4-F07F854A3067}.Release|x64.Build.0 = Release|Any CPU
		{67473735-95B7-47C0-ABE4-F07F854A3067}.Release|x86.ActiveCfg = Release|Any CPU
		{67473735-95B7-47C0-ABE4-F07F854A3067}.Release|x86.Build.0 = Release|Any CPU
		{FBB44F52-1BBB-4FEA-9B10-178DD5C239DF}.Debug|Any CPU.ActiveCfg = Debug|Any CPU
		{FBB44F52-1BBB-4FEA-9B10-178DD5C239DF}.Debug|Any CPU.Build.0 = Debug|Any CPU
		{FBB44F52-1BBB-4FEA-9B10-178DD5C239DF}.Debug|x64.ActiveCfg = Debug|Any CPU
		{FBB44F52-1BBB-4FEA-9B10-178DD5C239DF}.Debug|x64.Build.0 = Debug|Any CPU
		{FBB44F52-1BBB-4FEA-9B10-178DD5C239DF}.Debug|x86.ActiveCfg = Debug|Any CPU
		{FBB44F52-1BBB-4FEA-9B10-178DD5C239DF}.Debug|x86.Build.0 = Debug|Any CPU
		{FBB44F52-1BBB-4FEA-9B10-178DD5C239DF}.Release|Any CPU.ActiveCfg = Release|Any CPU
		{FBB44F52-1BBB-4FEA-9B10-178DD5C239DF}.Release|Any CPU.Build.0 = Release|Any CPU
		{FBB44F52-1BBB-4FEA-9B10-178DD5C239DF}.Release|x64.ActiveCfg = Release|Any CPU
		{FBB44F52-1BBB-4FEA-9B10-178DD5C239DF}.Release|x64.Build.0 = Release|Any CPU
		{FBB44F52-1BBB-4FEA-9B10-178DD5C239DF}.Release|x86.ActiveCfg = Release|Any CPU
		{FBB44F52-1BBB-4FEA-9B10-178DD5C239DF}.Release|x86.Build.0 = Release|Any CPU
		{B739F9BA-A325-458B-B682-23C9E0859EC8}.Debug|Any CPU.ActiveCfg = Debug|Any CPU
		{B739F9BA-A325-458B-B682-23C9E0859EC8}.Debug|Any CPU.Build.0 = Debug|Any CPU
		{B739F9BA-A325-458B-B682-23C9E0859EC8}.Debug|x64.ActiveCfg = Debug|Any CPU
		{B739F9BA-A325-458B-B682-23C9E0859EC8}.Debug|x64.Build.0 = Debug|Any CPU
		{B739F9BA-A325-458B-B682-23C9E0859EC8}.Debug|x86.ActiveCfg = Debug|Any CPU
		{B739F9BA-A325-458B-B682-23C9E0859EC8}.Debug|x86.Build.0 = Debug|Any CPU
		{B739F9BA-A325-458B-B682-23C9E0859EC8}.Release|Any CPU.ActiveCfg = Release|Any CPU
		{B739F9BA-A325-458B-B682-23C9E0859EC8}.Release|Any CPU.Build.0 = Release|Any CPU
		{B739F9BA-A325-458B-B682-23C9E0859EC8}.Release|x64.ActiveCfg = Release|Any CPU
		{B739F9BA-A325-458B-B682-23C9E0859EC8}.Release|x64.Build.0 = Release|Any CPU
		{B739F9BA-A325-458B-B682-23C9E0859EC8}.Release|x86.ActiveCfg = Release|Any CPU
		{B739F9BA-A325-458B-B682-23C9E0859EC8}.Release|x86.Build.0 = Release|Any CPU
	EndGlobalSection
	GlobalSection(SolutionProperties) = preSolution
		HideSolutionNode = FALSE
	EndGlobalSection
	GlobalSection(NestedProjects) = preSolution
		{05FD14BF-132B-4999-B059-81540AA79709} = {3540374B-81FB-4B00-8BC6-92DCFE540823}
		{E42FC116-99A7-4A7C-9E97-063B75339B43} = {57F9217E-1670-4CFB-9ABE-902A1CCD0B48}
		{35E9B85C-0620-48D5-8760-2DD9B20B6074} = {B0F821C9-00AA-4BE6-8193-A6F730F38218}
		{4303570A-3CD1-4504-8A78-93FD892DE42C} = {E2D216CC-DCCC-41AD-A9C8-15253BAEDFA6}
		{2D080010-A735-4F76-A676-05C4EBE2143B} = {E2D216CC-DCCC-41AD-A9C8-15253BAEDFA6}
		{2430968A-D2BF-402E-9E05-5838EAF3146F} = {6CEDC27B-E718-4665-BE5A-DF6E481F2F95}
		{FE233E10-13B9-4FD2-8287-5D655FF20BA3} = {6CEDC27B-E718-4665-BE5A-DF6E481F2F95}
		{F5A56695-E6A4-4730-97B1-0D6B290D57EE} = {2922EFCD-EB30-4875-A4B8-C1EA6529268C}
		{F3BD7E04-9D4D-4D68-B4F9-3D7751A2B7DA} = {2922EFCD-EB30-4875-A4B8-C1EA6529268C}
		{BF0E435D-59F2-4579-ADD1-58EF6C617104} = {E2D216CC-DCCC-41AD-A9C8-15253BAEDFA6}
		{138C7728-5170-40E9-BF58-B74A5BFBE7E3} = {E2D216CC-DCCC-41AD-A9C8-15253BAEDFA6}
		{C34A34D2-8AD0-438C-B154-5D62A55428D9} = {E2D216CC-DCCC-41AD-A9C8-15253BAEDFA6}
		{D8BFBD2F-3A67-47DA-870E-E656BF57EE6F} = {3540374B-81FB-4B00-8BC6-92DCFE540823}
		{3C319D0E-D86A-4F1D-8443-94D66B800C15} = {2922EFCD-EB30-4875-A4B8-C1EA6529268C}
		{B81DED65-0E0A-422D-A33D-22451EE912B3} = {3C319D0E-D86A-4F1D-8443-94D66B800C15}
		{884A5838-E135-472A-8201-EFB185C7E25F} = {2922EFCD-EB30-4875-A4B8-C1EA6529268C}
		{8EEF48E2-4EE7-464A-8023-14B2326158D3} = {57F9217E-1670-4CFB-9ABE-902A1CCD0B48}
	EndGlobalSection
	GlobalSection(ExtensibilityGlobals) = postSolution
		SolutionGuid = {21EFBBCD-AFB6-4CA9-9AEE-1CE76394D8C4}
	EndGlobalSection
EndGlobal
